{"1.2.0",
[{<<"cowboy">>,
  {git,"https://github.com/ninenines/cowboy.git",
       {ref,"3ea8395eb8f53a57acb5d3c00b99c70296e7cdbd"}},
  0},
 {<<"cowlib">>,
  {git,"https://github.com/ninenines/cowlib",
       {ref,"1eb7f4293a652adcfe43b1835d22c58d8def839f"}},
  1},
 {<<"jiffy">>,{pkg,<<"jiffy">>,<<"1.1.2">>},0},
 {<<"quickrand">>,{pkg,<<"quickrand">>,<<"2.0.7">>},2},
 {<<"ranch">>,
  {git,"https://github.com/ninenines/ranch",
       {ref,"a692f44567034dacf5efcaa24a24183788594eb7"}},
  1},
 {<<"uuid">>,{pkg,<<"uuid_erl">>,<<"2.0.7">>},1}]}.
[
{pkg_hash,[
 {<<"jiffy">>, <<"A9B6C9A7EC268E7CF493D028F0A4C9144F59CCB878B1AFE42841597800840A1B">>},
 {<<"quickrand">>, <<"D2BD76676A446E6A058D678444B7FDA1387B813710D1AF6D6E29BB92186C8820">>},
 {<<"uuid">>, <<"B2078D2CC814F53AFA52D36C91E08962C7E7373585C623F4C0EA6DFB04B2AF94">>}]},
{pkg_hash_ext,[
 {<<"jiffy">>, <<"BB61BC42A720BBD33CB09A410E48BB79A61012C74CB8B3E75F26D988485CF381">>},
 {<<"quickrand">>, <<"B8ACBF89A224BC217C3070CA8BEBC6EB236DBE7F9767993B274084EA044D35F0">>},
 {<<"uuid">>, <<"4E4C5CA3461DC47C5E157ED42AA3981A053B7A186792AF972A27B14A9489324E">>}]}
].
